// !$*UTF8*$!
{
	archiveVersion = 1;
	classes = {
	};
	objectVersion = 50;
	objects = {

/* Begin PBXBuildFile section */
		B4CF07B9255D82580014684F /* AppDelegate.swift in Sources */ = {isa = PBXBuildFile; fileRef = B4CF07B8255D82580014684F /* AppDelegate.swift */; };
		B4CF07BB255D82580014684F /* SceneDelegate.swift in Sources */ = {isa = PBXBuildFile; fileRef = B4CF07BA255D82580014684F /* SceneDelegate.swift */; };
		B4CF07BD255D82580014684F /* ViewController.swift in Sources */ = {isa = PBXBuildFile; fileRef = B4CF07BC255D82580014684F /* ViewController.swift */; };
		B4CF07C0255D82580014684F /* Main.storyboard in Resources */ = {isa = PBXBuildFile; fileRef = B4CF07BE255D82580014684F /* Main.storyboard */; };
		B4CF07C3255D82580014684F /* polenApp.xcdatamodeld in Sources */ = {isa = PBXBuildFile; fileRef = B4CF07C1255D82580014684F /* polenApp.xcdatamodeld */; };
		B4CF07C5255D82580014684F /* Assets.xcassets in Resources */ = {isa = PBXBuildFile; fileRef = B4CF07C4255D82580014684F /* Assets.xcassets */; };
		B4CF07C8255D82580014684F /* LaunchScreen.storyboard in Resources */ = {isa = PBXBuildFile; fileRef = B4CF07C6255D82580014684F /* LaunchScreen.storyboard */; };
		B4CF07D3255D82580014684F /* PolenAppTests.swift in Sources */ = {isa = PBXBuildFile; fileRef = B4CF07D2255D82580014684F /* PolenAppTests.swift */; };
		B4CF07DE255D82580014684F /* PolenAppUITests.swift in Sources */ = {isa = PBXBuildFile; fileRef = B4CF07DD255D82580014684F /* PolenAppUITests.swift */; };
		ED3605E62562A55600E22E2D /* Onboarding.swift in Sources */ = {isa = PBXBuildFile; fileRef = ED3605E52562A55600E22E2D /* Onboarding.swift */; };
		ED3605EB2562A59E00E22E2D /* Mapa.swift in Sources */ = {isa = PBXBuildFile; fileRef = ED3605EA2562A59E00E22E2D /* Mapa.swift */; };
		ED3605F52562A5DD00E22E2D /* Favoritos.swift in Sources */ = {isa = PBXBuildFile; fileRef = ED3605F42562A5DD00E22E2D /* Favoritos.swift */; };
		ED3605FD2562A64500E22E2D /* MuralDaInstituicao.swift in Sources */ = {isa = PBXBuildFile; fileRef = ED3605FC2562A64500E22E2D /* MuralDaInstituicao.swift */; };
		ED3606022562A6B400E22E2D /* MeuMural.swift in Sources */ = {isa = PBXBuildFile; fileRef = ED3606012562A6B400E22E2D /* MeuMural.swift */; };
		ED3606072562A6CB00E22E2D /* Recursos.swift in Sources */ = {isa = PBXBuildFile; fileRef = ED3606062562A6CB00E22E2D /* Recursos.swift */; };
		ED36060C2562A90100E22E2D /* Ajuda.swift in Sources */ = {isa = PBXBuildFile; fileRef = ED36060B2562A90100E22E2D /* Ajuda.swift */; };
		ED3606112562A92800E22E2D /* Login.swift in Sources */ = {isa = PBXBuildFile; fileRef = ED3606102562A92800E22E2D /* Login.swift */; };
		ED3606162562A93E00E22E2D /* Cadastro.swift in Sources */ = {isa = PBXBuildFile; fileRef = ED3606152562A93E00E22E2D /* Cadastro.swift */; };
		ED36062A2562AEB600E22E2D /* Instituicao.swift in Sources */ = {isa = PBXBuildFile; fileRef = ED3606292562AEB600E22E2D /* Instituicao.swift */; };
		ED36062F2562AF0B00E22E2D /* CardAjuda.swift in Sources */ = {isa = PBXBuildFile; fileRef = ED36062E2562AF0B00E22E2D /* CardAjuda.swift */; };
		ED3606342562AF1A00E22E2D /* CardHistoria.swift in Sources */ = {isa = PBXBuildFile; fileRef = ED3606332562AF1A00E22E2D /* CardHistoria.swift */; };
		ED36063A2562AF3500E22E2D /* CardFavorito.swift in Sources */ = {isa = PBXBuildFile; fileRef = ED3606392562AF3500E22E2D /* CardFavorito.swift */; };
		ED3606422562AF4900E22E2D /* CardRecurso.swift in Sources */ = {isa = PBXBuildFile; fileRef = ED3606412562AF4900E22E2D /* CardRecurso.swift */; };
/* End PBXBuildFile section */

/* Begin PBXContainerItemProxy section */
		B4CF07CF255D82580014684F /* PBXContainerItemProxy */ = {
			isa = PBXContainerItemProxy;
			containerPortal = B4CF07AD255D82570014684F /* Project object */;
			proxyType = 1;
			remoteGlobalIDString = B4CF07B4255D82580014684F;
			remoteInfo = polenApp;
		};
		B4CF07DA255D82580014684F /* PBXContainerItemProxy */ = {
			isa = PBXContainerItemProxy;
			containerPortal = B4CF07AD255D82570014684F /* Project object */;
			proxyType = 1;
			remoteGlobalIDString = B4CF07B4255D82580014684F;
			remoteInfo = polenApp;
		};
/* End PBXContainerItemProxy section */

/* Begin PBXFileReference section */
		17AEBDE061D884C61182E5D9 /* Pods-PolenAppTests.debug.xcconfig */ = {isa = PBXFileReference; includeInIndex = 1; lastKnownFileType = text.xcconfig; name = "Pods-PolenAppTests.debug.xcconfig"; path = "Target Support Files/Pods-PolenAppTests/Pods-PolenAppTests.debug.xcconfig"; sourceTree = "<group>"; };
		27AF32FFB2670239C097A92E /* Pods-PolenApp.release.xcconfig */ = {isa = PBXFileReference; includeInIndex = 1; lastKnownFileType = text.xcconfig; name = "Pods-PolenApp.release.xcconfig"; path = "Target Support Files/Pods-PolenApp/Pods-PolenApp.release.xcconfig"; sourceTree = "<group>"; };
		3409B2CB4C389C7E64A30686 /* Pods-PolenApp-PolenAppUITests.debug.xcconfig */ = {isa = PBXFileReference; includeInIndex = 1; lastKnownFileType = text.xcconfig; name = "Pods-PolenApp-PolenAppUITests.debug.xcconfig"; path = "Target Support Files/Pods-PolenApp-PolenAppUITests/Pods-PolenApp-PolenAppUITests.debug.xcconfig"; sourceTree = "<group>"; };
		A3E73AB96C689F8D3553FD04 /* Pods-PolenAppTests.release.xcconfig */ = {isa = PBXFileReference; includeInIndex = 1; lastKnownFileType = text.xcconfig; name = "Pods-PolenAppTests.release.xcconfig"; path = "Target Support Files/Pods-PolenAppTests/Pods-PolenAppTests.release.xcconfig"; sourceTree = "<group>"; };
		B4CF07B5255D82580014684F /* PolenApp.app */ = {isa = PBXFileReference; explicitFileType = wrapper.application; includeInIndex = 0; path = PolenApp.app; sourceTree = BUILT_PRODUCTS_DIR; };
		B4CF07B8255D82580014684F /* AppDelegate.swift */ = {isa = PBXFileReference; lastKnownFileType = sourcecode.swift; path = AppDelegate.swift; sourceTree = "<group>"; };
		B4CF07BA255D82580014684F /* SceneDelegate.swift */ = {isa = PBXFileReference; lastKnownFileType = sourcecode.swift; path = SceneDelegate.swift; sourceTree = "<group>"; };
		B4CF07BC255D82580014684F /* ViewController.swift */ = {isa = PBXFileReference; lastKnownFileType = sourcecode.swift; path = ViewController.swift; sourceTree = "<group>"; };
		B4CF07BF255D82580014684F /* Base */ = {isa = PBXFileReference; lastKnownFileType = file.storyboard; name = Base; path = Base.lproj/Main.storyboard; sourceTree = "<group>"; };
		B4CF07C2255D82580014684F /* polenApp.xcdatamodel */ = {isa = PBXFileReference; lastKnownFileType = wrapper.xcdatamodel; path = polenApp.xcdatamodel; sourceTree = "<group>"; };
		B4CF07C4255D82580014684F /* Assets.xcassets */ = {isa = PBXFileReference; lastKnownFileType = folder.assetcatalog; path = Assets.xcassets; sourceTree = "<group>"; };
		B4CF07C7255D82580014684F /* Base */ = {isa = PBXFileReference; lastKnownFileType = file.storyboard; name = Base; path = Base.lproj/LaunchScreen.storyboard; sourceTree = "<group>"; };
		B4CF07C9255D82580014684F /* Info.plist */ = {isa = PBXFileReference; lastKnownFileType = text.plist.xml; path = Info.plist; sourceTree = "<group>"; };
		B4CF07CE255D82580014684F /* PolenAppTests.xctest */ = {isa = PBXFileReference; explicitFileType = wrapper.cfbundle; includeInIndex = 0; path = PolenAppTests.xctest; sourceTree = BUILT_PRODUCTS_DIR; };
		B4CF07D2255D82580014684F /* PolenAppTests.swift */ = {isa = PBXFileReference; lastKnownFileType = sourcecode.swift; path = PolenAppTests.swift; sourceTree = "<group>"; };
		B4CF07D4255D82580014684F /* Info.plist */ = {isa = PBXFileReference; lastKnownFileType = text.plist.xml; path = Info.plist; sourceTree = "<group>"; };
		B4CF07D9255D82580014684F /* PolenAppUITests.xctest */ = {isa = PBXFileReference; explicitFileType = wrapper.cfbundle; includeInIndex = 0; path = PolenAppUITests.xctest; sourceTree = BUILT_PRODUCTS_DIR; };
		B4CF07DD255D82580014684F /* PolenAppUITests.swift */ = {isa = PBXFileReference; lastKnownFileType = sourcecode.swift; path = PolenAppUITests.swift; sourceTree = "<group>"; };
		B4CF07DF255D82580014684F /* Info.plist */ = {isa = PBXFileReference; lastKnownFileType = text.plist.xml; path = Info.plist; sourceTree = "<group>"; };
		EA3887175A52E580CDB31097 /* Pods-PolenApp-PolenAppUITests.release.xcconfig */ = {isa = PBXFileReference; includeInIndex = 1; lastKnownFileType = text.xcconfig; name = "Pods-PolenApp-PolenAppUITests.release.xcconfig"; path = "Target Support Files/Pods-PolenApp-PolenAppUITests/Pods-PolenApp-PolenAppUITests.release.xcconfig"; sourceTree = "<group>"; };
		ED3605E52562A55600E22E2D /* Onboarding.swift */ = {isa = PBXFileReference; lastKnownFileType = sourcecode.swift; path = Onboarding.swift; sourceTree = "<group>"; };
		ED3605EA2562A59E00E22E2D /* Mapa.swift */ = {isa = PBXFileReference; lastKnownFileType = sourcecode.swift; path = Mapa.swift; sourceTree = "<group>"; };
		ED3605F42562A5DD00E22E2D /* Favoritos.swift */ = {isa = PBXFileReference; lastKnownFileType = sourcecode.swift; path = Favoritos.swift; sourceTree = "<group>"; };
		ED3605FC2562A64500E22E2D /* MuralDaInstituicao.swift */ = {isa = PBXFileReference; lastKnownFileType = sourcecode.swift; path = MuralDaInstituicao.swift; sourceTree = "<group>"; };
		ED3606012562A6B400E22E2D /* MeuMural.swift */ = {isa = PBXFileReference; lastKnownFileType = sourcecode.swift; path = MeuMural.swift; sourceTree = "<group>"; };
		ED3606062562A6CB00E22E2D /* Recursos.swift */ = {isa = PBXFileReference; lastKnownFileType = sourcecode.swift; path = Recursos.swift; sourceTree = "<group>"; };
		ED36060B2562A90100E22E2D /* Ajuda.swift */ = {isa = PBXFileReference; lastKnownFileType = sourcecode.swift; path = Ajuda.swift; sourceTree = "<group>"; };
		ED3606102562A92800E22E2D /* Login.swift */ = {isa = PBXFileReference; lastKnownFileType = sourcecode.swift; path = Login.swift; sourceTree = "<group>"; };
		ED3606152562A93E00E22E2D /* Cadastro.swift */ = {isa = PBXFileReference; lastKnownFileType = sourcecode.swift; path = Cadastro.swift; sourceTree = "<group>"; };
		ED3606292562AEB600E22E2D /* Instituicao.swift */ = {isa = PBXFileReference; lastKnownFileType = sourcecode.swift; path = Instituicao.swift; sourceTree = "<group>"; };
		ED36062E2562AF0B00E22E2D /* CardAjuda.swift */ = {isa = PBXFileReference; lastKnownFileType = sourcecode.swift; path = CardAjuda.swift; sourceTree = "<group>"; };
		ED3606332562AF1A00E22E2D /* CardHistoria.swift */ = {isa = PBXFileReference; lastKnownFileType = sourcecode.swift; path = CardHistoria.swift; sourceTree = "<group>"; };
		ED3606392562AF3500E22E2D /* CardFavorito.swift */ = {isa = PBXFileReference; lastKnownFileType = sourcecode.swift; path = CardFavorito.swift; sourceTree = "<group>"; };
		ED3606412562AF4900E22E2D /* CardRecurso.swift */ = {isa = PBXFileReference; lastKnownFileType = sourcecode.swift; path = CardRecurso.swift; sourceTree = "<group>"; };
		F2357B29BCF9B4DC70954B05 /* Pods-PolenApp.debug.xcconfig */ = {isa = PBXFileReference; includeInIndex = 1; lastKnownFileType = text.xcconfig; name = "Pods-PolenApp.debug.xcconfig"; path = "Target Support Files/Pods-PolenApp/Pods-PolenApp.debug.xcconfig"; sourceTree = "<group>"; };
/* End PBXFileReference section */

/* Begin PBXFrameworksBuildPhase section */
		B4CF07B2255D82580014684F /* Frameworks */ = {
			isa = PBXFrameworksBuildPhase;
			buildActionMask = 2147483647;
			files = (
			);
			runOnlyForDeploymentPostprocessing = 0;
		};
		B4CF07CB255D82580014684F /* Frameworks */ = {
			isa = PBXFrameworksBuildPhase;
			buildActionMask = 2147483647;
			files = (
			);
			runOnlyForDeploymentPostprocessing = 0;
		};
		B4CF07D6255D82580014684F /* Frameworks */ = {
			isa = PBXFrameworksBuildPhase;
			buildActionMask = 2147483647;
			files = (
			);
			runOnlyForDeploymentPostprocessing = 0;
		};
/* End PBXFrameworksBuildPhase section */

/* Begin PBXGroup section */
		54AA44940304409A8A540DE3 /* Frameworks */ = {
			isa = PBXGroup;
			children = (
			);
			name = Frameworks;
			sourceTree = "<group>";
		};
		B4CF07AC255D82570014684F = {
			isa = PBXGroup;
			children = (
				B4CF07B7255D82580014684F /* PolenApp */,
				B4CF07D1255D82580014684F /* PolenAppTests */,
				B4CF07DC255D82580014684F /* PolenAppUITests */,
				B4CF07B6255D82580014684F /* Products */,
				DAAA4530E7B2AF760B238D75 /* Pods */,
				54AA44940304409A8A540DE3 /* Frameworks */,
			);
			sourceTree = "<group>";
		};
		B4CF07B6255D82580014684F /* Products */ = {
			isa = PBXGroup;
			children = (
				B4CF07B5255D82580014684F /* PolenApp.app */,
				B4CF07CE255D82580014684F /* PolenAppTests.xctest */,
				B4CF07D9255D82580014684F /* PolenAppUITests.xctest */,
			);
			name = Products;
			sourceTree = "<group>";
		};
		B4CF07B7255D82580014684F /* PolenApp */ = {
			isa = PBXGroup;
			children = (
				ED3606252562AA9000E22E2D /* Views */,
				ED3606202562A9FD00E22E2D /* Models */,
				B4CF07B8255D82580014684F /* AppDelegate.swift */,
				B4CF07BA255D82580014684F /* SceneDelegate.swift */,
				B4CF07BC255D82580014684F /* ViewController.swift */,
				B4CF07BE255D82580014684F /* Main.storyboard */,
				B4CF07C4255D82580014684F /* Assets.xcassets */,
				B4CF07C6255D82580014684F /* LaunchScreen.storyboard */,
				B4CF07C9255D82580014684F /* Info.plist */,
				B4CF07C1255D82580014684F /* polenApp.xcdatamodeld */,
			);
			path = PolenApp;
			sourceTree = "<group>";
		};
		B4CF07D1255D82580014684F /* PolenAppTests */ = {
			isa = PBXGroup;
			children = (
				B4CF07D2255D82580014684F /* PolenAppTests.swift */,
				B4CF07D4255D82580014684F /* Info.plist */,
			);
			path = PolenAppTests;
			sourceTree = "<group>";
		};
		B4CF07DC255D82580014684F /* PolenAppUITests */ = {
			isa = PBXGroup;
			children = (
				B4CF07DD255D82580014684F /* PolenAppUITests.swift */,
				B4CF07DF255D82580014684F /* Info.plist */,
			);
			path = PolenAppUITests;
			sourceTree = "<group>";
		};
		DAAA4530E7B2AF760B238D75 /* Pods */ = {
			isa = PBXGroup;
			children = (
				F2357B29BCF9B4DC70954B05 /* Pods-PolenApp.debug.xcconfig */,
				27AF32FFB2670239C097A92E /* Pods-PolenApp.release.xcconfig */,
				3409B2CB4C389C7E64A30686 /* Pods-PolenApp-PolenAppUITests.debug.xcconfig */,
				EA3887175A52E580CDB31097 /* Pods-PolenApp-PolenAppUITests.release.xcconfig */,
				17AEBDE061D884C61182E5D9 /* Pods-PolenAppTests.debug.xcconfig */,
				A3E73AB96C689F8D3553FD04 /* Pods-PolenAppTests.release.xcconfig */,
			);
			path = Pods;
			sourceTree = "<group>";
		};
		ED3606202562A9FD00E22E2D /* Models */ = {
			isa = PBXGroup;
			children = (
				ED3606292562AEB600E22E2D /* Instituicao.swift */,
				ED36062E2562AF0B00E22E2D /* CardAjuda.swift */,
				ED3606332562AF1A00E22E2D /* CardHistoria.swift */,
				ED3606392562AF3500E22E2D /* CardFavorito.swift */,
				ED3606412562AF4900E22E2D /* CardRecurso.swift */,
			);
			path = Models;
			sourceTree = "<group>";
		};
		ED3606252562AA9000E22E2D /* Views */ = {
			isa = PBXGroup;
			children = (
				ED3605E52562A55600E22E2D /* Onboarding.swift */,
				ED3605EA2562A59E00E22E2D /* Mapa.swift */,
				ED3605F42562A5DD00E22E2D /* Favoritos.swift */,
				ED3606062562A6CB00E22E2D /* Recursos.swift */,
				ED3605FC2562A64500E22E2D /* MuralDaInstituicao.swift */,
				ED36060B2562A90100E22E2D /* Ajuda.swift */,
				ED3606102562A92800E22E2D /* Login.swift */,
				ED3606152562A93E00E22E2D /* Cadastro.swift */,
				ED3606012562A6B400E22E2D /* MeuMural.swift */,
			);
			path = Views;
			sourceTree = "<group>";
		};
/* End PBXGroup section */

/* Begin PBXNativeTarget section */
		B4CF07B4255D82580014684F /* PolenApp */ = {
			isa = PBXNativeTarget;
			buildConfigurationList = B4CF07E2255D82580014684F /* Build configuration list for PBXNativeTarget "PolenApp" */;
			buildPhases = (
				9B74FB84F527354280E07E43 /* [CP] Check Pods Manifest.lock */,
				B4CF07B1255D82580014684F /* Sources */,
				B4CF07B2255D82580014684F /* Frameworks */,
				B4CF07B3255D82580014684F /* Resources */,
				B41D4BF92562B755003C52C5 /* ShellScript */,
			);
			buildRules = (
			);
			dependencies = (
			);
			name = PolenApp;
			productName = polenApp;
			productReference = B4CF07B5255D82580014684F /* PolenApp.app */;
			productType = "com.apple.product-type.application";
		};
		B4CF07CD255D82580014684F /* PolenAppTests */ = {
			isa = PBXNativeTarget;
			buildConfigurationList = B4CF07E5255D82580014684F /* Build configuration list for PBXNativeTarget "PolenAppTests" */;
			buildPhases = (
				7645A51202AA22F111E165AA /* [CP] Check Pods Manifest.lock */,
				B4CF07CA255D82580014684F /* Sources */,
				B4CF07CB255D82580014684F /* Frameworks */,
				B4CF07CC255D82580014684F /* Resources */,
			);
			buildRules = (
			);
			dependencies = (
				B4CF07D0255D82580014684F /* PBXTargetDependency */,
			);
			name = PolenAppTests;
			productName = polenAppTests;
			productReference = B4CF07CE255D82580014684F /* PolenAppTests.xctest */;
			productType = "com.apple.product-type.bundle.unit-test";
		};
		B4CF07D8255D82580014684F /* PolenAppUITests */ = {
			isa = PBXNativeTarget;
			buildConfigurationList = B4CF07E8255D82580014684F /* Build configuration list for PBXNativeTarget "PolenAppUITests" */;
			buildPhases = (
				9847C296ADC26C41650F8BC2 /* [CP] Check Pods Manifest.lock */,
				B4CF07D5255D82580014684F /* Sources */,
				B4CF07D6255D82580014684F /* Frameworks */,
				B4CF07D7255D82580014684F /* Resources */,
			);
			buildRules = (
			);
			dependencies = (
				B4CF07DB255D82580014684F /* PBXTargetDependency */,
			);
			name = PolenAppUITests;
			productName = polenAppUITests;
			productReference = B4CF07D9255D82580014684F /* PolenAppUITests.xctest */;
			productType = "com.apple.product-type.bundle.ui-testing";
		};
/* End PBXNativeTarget section */

/* Begin PBXProject section */
		B4CF07AD255D82570014684F /* Project object */ = {
			isa = PBXProject;
			attributes = {
				LastSwiftUpdateCheck = 1210;
				LastUpgradeCheck = 1210;
				TargetAttributes = {
					B4CF07B4255D82580014684F = {
						CreatedOnToolsVersion = 12.1;
					};
					B4CF07CD255D82580014684F = {
						CreatedOnToolsVersion = 12.1;
						TestTargetID = B4CF07B4255D82580014684F;
					};
					B4CF07D8255D82580014684F = {
						CreatedOnToolsVersion = 12.1;
						TestTargetID = B4CF07B4255D82580014684F;
					};
				};
			};
			buildConfigurationList = B4CF07B0255D82570014684F /* Build configuration list for PBXProject "PolenApp" */;
			compatibilityVersion = "Xcode 9.3";
			developmentRegion = en;
			hasScannedForEncodings = 0;
			knownRegions = (
				en,
				Base,
			);
			mainGroup = B4CF07AC255D82570014684F;
			productRefGroup = B4CF07B6255D82580014684F /* Products */;
			projectDirPath = "";
			projectRoot = "";
			targets = (
				B4CF07B4255D82580014684F /* PolenApp */,
				B4CF07CD255D82580014684F /* PolenAppTests */,
				B4CF07D8255D82580014684F /* PolenAppUITests */,
			);
		};
/* End PBXProject section */

/* Begin PBXResourcesBuildPhase section */
		B4CF07B3255D82580014684F /* Resources */ = {
			isa = PBXResourcesBuildPhase;
			buildActionMask = 2147483647;
			files = (
				B4CF07C8255D82580014684F /* LaunchScreen.storyboard in Resources */,
				B4CF07C5255D82580014684F /* Assets.xcassets in Resources */,
				B4CF07C0255D82580014684F /* Main.storyboard in Resources */,
			);
			runOnlyForDeploymentPostprocessing = 0;
		};
		B4CF07CC255D82580014684F /* Resources */ = {
			isa = PBXResourcesBuildPhase;
			buildActionMask = 2147483647;
			files = (
			);
			runOnlyForDeploymentPostprocessing = 0;
		};
		B4CF07D7255D82580014684F /* Resources */ = {
			isa = PBXResourcesBuildPhase;
			buildActionMask = 2147483647;
			files = (
			);
			runOnlyForDeploymentPostprocessing = 0;
		};
/* End PBXResourcesBuildPhase section */

/* Begin PBXShellScriptBuildPhase section */
		7645A51202AA22F111E165AA /* [CP] Check Pods Manifest.lock */ = {
			isa = PBXShellScriptBuildPhase;
			buildActionMask = 2147483647;
			files = (
			);
			inputFileListPaths = (
			);
			inputPaths = (
				"${PODS_PODFILE_DIR_PATH}/Podfile.lock",
				"${PODS_ROOT}/Manifest.lock",
			);
			name = "[CP] Check Pods Manifest.lock";
			outputFileListPaths = (
			);
			outputPaths = (
				"$(DERIVED_FILE_DIR)/Pods-PolenAppTests-checkManifestLockResult.txt",
			);
			runOnlyForDeploymentPostprocessing = 0;
			shellPath = /bin/sh;
			shellScript = "diff \"${PODS_PODFILE_DIR_PATH}/Podfile.lock\" \"${PODS_ROOT}/Manifest.lock\" > /dev/null\nif [ $? != 0 ] ; then\n    # print error to STDERR\n    echo \"error: The sandbox is not in sync with the Podfile.lock. Run 'pod install' or update your CocoaPods installation.\" >&2\n    exit 1\nfi\n# This output is used by Xcode 'outputs' to avoid re-running this script phase.\necho \"SUCCESS\" > \"${SCRIPT_OUTPUT_FILE_0}\"\n";
			showEnvVarsInLog = 0;
		};
		9847C296ADC26C41650F8BC2 /* [CP] Check Pods Manifest.lock */ = {
			isa = PBXShellScriptBuildPhase;
			buildActionMask = 2147483647;
			files = (
			);
			inputFileListPaths = (
			);
			inputPaths = (
				"${PODS_PODFILE_DIR_PATH}/Podfile.lock",
				"${PODS_ROOT}/Manifest.lock",
			);
			name = "[CP] Check Pods Manifest.lock";
			outputFileListPaths = (
			);
			outputPaths = (
				"$(DERIVED_FILE_DIR)/Pods-PolenApp-PolenAppUITests-checkManifestLockResult.txt",
			);
			runOnlyForDeploymentPostprocessing = 0;
			shellPath = /bin/sh;
			shellScript = "diff \"${PODS_PODFILE_DIR_PATH}/Podfile.lock\" \"${PODS_ROOT}/Manifest.lock\" > /dev/null\nif [ $? != 0 ] ; then\n    # print error to STDERR\n    echo \"error: The sandbox is not in sync with the Podfile.lock. Run 'pod install' or update your CocoaPods installation.\" >&2\n    exit 1\nfi\n# This output is used by Xcode 'outputs' to avoid re-running this script phase.\necho \"SUCCESS\" > \"${SCRIPT_OUTPUT_FILE_0}\"\n";
			showEnvVarsInLog = 0;
		};
		9B74FB84F527354280E07E43 /* [CP] Check Pods Manifest.lock */ = {
			isa = PBXShellScriptBuildPhase;
			buildActionMask = 2147483647;
			files = (
			);
			inputFileListPaths = (
			);
			inputPaths = (
				"${PODS_PODFILE_DIR_PATH}/Podfile.lock",
				"${PODS_ROOT}/Manifest.lock",
			);
			name = "[CP] Check Pods Manifest.lock";
			outputFileListPaths = (
			);
			outputPaths = (
				"$(DERIVED_FILE_DIR)/Pods-PolenApp-checkManifestLockResult.txt",
			);
			runOnlyForDeploymentPostprocessing = 0;
			shellPath = /bin/sh;
			shellScript = "diff \"${PODS_PODFILE_DIR_PATH}/Podfile.lock\" \"${PODS_ROOT}/Manifest.lock\" > /dev/null\nif [ $? != 0 ] ; then\n    # print error to STDERR\n    echo \"error: The sandbox is not in sync with the Podfile.lock. Run 'pod install' or update your CocoaPods installation.\" >&2\n    exit 1\nfi\n# This output is used by Xcode 'outputs' to avoid re-running this script phase.\necho \"SUCCESS\" > \"${SCRIPT_OUTPUT_FILE_0}\"\n";
			showEnvVarsInLog = 0;
		};
		B41D4BF92562B755003C52C5 /* ShellScript */ = {
			isa = PBXShellScriptBuildPhase;
			buildActionMask = 2147483647;
			files = (
			);
			inputFileListPaths = (
			);
			inputPaths = (
			);
			outputFileListPaths = (
			);
			outputPaths = (
			);
			runOnlyForDeploymentPostprocessing = 0;
			shellPath = /bin/sh;
			shellScript = "# Type a script or drag a script file from your workspace to insert its path.\n${PODS_ROOT}/SwiftLint/swiftlint\n";
		};
/* End PBXShellScriptBuildPhase section */

/* Begin PBXSourcesBuildPhase section */
		B4CF07B1255D82580014684F /* Sources */ = {
			isa = PBXSourcesBuildPhase;
			buildActionMask = 2147483647;
			files = (
				B4CF07C3255D82580014684F /* polenApp.xcdatamodeld in Sources */,
				B4CF07BD255D82580014684F /* ViewController.swift in Sources */,
				ED36062A2562AEB600E22E2D /* Instituicao.swift in Sources */,
				ED3605EB2562A59E00E22E2D /* Mapa.swift in Sources */,
				ED3606112562A92800E22E2D /* Login.swift in Sources */,
				ED36060C2562A90100E22E2D /* Ajuda.swift in Sources */,
				ED36062F2562AF0B00E22E2D /* CardAjuda.swift in Sources */,
				ED36063A2562AF3500E22E2D /* CardFavorito.swift in Sources */,
				ED3606072562A6CB00E22E2D /* Recursos.swift in Sources */,
				ED3606422562AF4900E22E2D /* CardRecurso.swift in Sources */,
				ED3605E62562A55600E22E2D /* Onboarding.swift in Sources */,
				B4CF07B9255D82580014684F /* AppDelegate.swift in Sources */,
				ED3606342562AF1A00E22E2D /* CardHistoria.swift in Sources */,
				ED3605FD2562A64500E22E2D /* MuralDaInstituicao.swift in Sources */,
				B4CF07BB255D82580014684F /* SceneDelegate.swift in Sources */,
				ED3606022562A6B400E22E2D /* MeuMural.swift in Sources */,
				ED3605F52562A5DD00E22E2D /* Favoritos.swift in Sources */,
				ED3606162562A93E00E22E2D /* Cadastro.swift in Sources */,
			);
			runOnlyForDeploymentPostprocessing = 0;
		};
		B4CF07CA255D82580014684F /* Sources */ = {
			isa = PBXSourcesBuildPhase;
			buildActionMask = 2147483647;
			files = (
				B4CF07D3255D82580014684F /* PolenAppTests.swift in Sources */,
			);
			runOnlyForDeploymentPostprocessing = 0;
		};
		B4CF07D5255D82580014684F /* Sources */ = {
			isa = PBXSourcesBuildPhase;
			buildActionMask = 2147483647;
			files = (
				B4CF07DE255D82580014684F /* PolenAppUITests.swift in Sources */,
			);
			runOnlyForDeploymentPostprocessing = 0;
		};
/* End PBXSourcesBuildPhase section */

/* Begin PBXTargetDependency section */
		B4CF07D0255D82580014684F /* PBXTargetDependency */ = {
			isa = PBXTargetDependency;
			target = B4CF07B4255D82580014684F /* PolenApp */;
			targetProxy = B4CF07CF255D82580014684F /* PBXContainerItemProxy */;
		};
		B4CF07DB255D82580014684F /* PBXTargetDependency */ = {
			isa = PBXTargetDependency;
			target = B4CF07B4255D82580014684F /* PolenApp */;
			targetProxy = B4CF07DA255D82580014684F /* PBXContainerItemProxy */;
		};
/* End PBXTargetDependency section */

/* Begin PBXVariantGroup section */
		B4CF07BE255D82580014684F /* Main.storyboard */ = {
			isa = PBXVariantGroup;
			children = (
				B4CF07BF255D82580014684F /* Base */,
			);
			name = Main.storyboard;
			sourceTree = "<group>";
		};
		B4CF07C6255D82580014684F /* LaunchScreen.storyboard */ = {
			isa = PBXVariantGroup;
			children = (
				B4CF07C7255D82580014684F /* Base */,
			);
			name = LaunchScreen.storyboard;
			sourceTree = "<group>";
		};
/* End PBXVariantGroup section */

/* Begin XCBuildConfiguration section */
		B4CF07E0255D82580014684F /* Debug */ = {
			isa = XCBuildConfiguration;
			buildSettings = {
				ALWAYS_SEARCH_USER_PATHS = NO;
				CLANG_ANALYZER_NONNULL = YES;
				CLANG_ANALYZER_NUMBER_OBJECT_CONVERSION = YES_AGGRESSIVE;
				CLANG_CXX_LANGUAGE_STANDARD = "gnu++14";
				CLANG_CXX_LIBRARY = "libc++";
				CLANG_ENABLE_MODULES = YES;
				CLANG_ENABLE_OBJC_ARC = YES;
				CLANG_ENABLE_OBJC_WEAK = YES;
				CLANG_WARN_BLOCK_CAPTURE_AUTORELEASING = YES;
				CLANG_WARN_BOOL_CONVERSION = YES;
				CLANG_WARN_COMMA = YES;
				CLANG_WARN_CONSTANT_CONVERSION = YES;
				CLANG_WARN_DEPRECATED_OBJC_IMPLEMENTATIONS = YES;
				CLANG_WARN_DIRECT_OBJC_ISA_USAGE = YES_ERROR;
				CLANG_WARN_DOCUMENTATION_COMMENTS = YES;
				CLANG_WARN_EMPTY_BODY = YES;
				CLANG_WARN_ENUM_CONVERSION = YES;
				CLANG_WARN_INFINITE_RECURSION = YES;
				CLANG_WARN_INT_CONVERSION = YES;
				CLANG_WARN_NON_LITERAL_NULL_CONVERSION = YES;
				CLANG_WARN_OBJC_IMPLICIT_RETAIN_SELF = YES;
				CLANG_WARN_OBJC_LITERAL_CONVERSION = YES;
				CLANG_WARN_OBJC_ROOT_CLASS = YES_ERROR;
				CLANG_WARN_QUOTED_INCLUDE_IN_FRAMEWORK_HEADER = YES;
				CLANG_WARN_RANGE_LOOP_ANALYSIS = YES;
				CLANG_WARN_STRICT_PROTOTYPES = YES;
				CLANG_WARN_SUSPICIOUS_MOVE = YES;
				CLANG_WARN_UNGUARDED_AVAILABILITY = YES_AGGRESSIVE;
				CLANG_WARN_UNREACHABLE_CODE = YES;
				CLANG_WARN__DUPLICATE_METHOD_MATCH = YES;
				COPY_PHASE_STRIP = NO;
				DEBUG_INFORMATION_FORMAT = dwarf;
				ENABLE_STRICT_OBJC_MSGSEND = YES;
				ENABLE_TESTABILITY = YES;
				GCC_C_LANGUAGE_STANDARD = gnu11;
				GCC_DYNAMIC_NO_PIC = NO;
				GCC_NO_COMMON_BLOCKS = YES;
				GCC_OPTIMIZATION_LEVEL = 0;
				GCC_PREPROCESSOR_DEFINITIONS = (
					"DEBUG=1",
					"$(inherited)",
				);
				GCC_WARN_64_TO_32_BIT_CONVERSION = YES;
				GCC_WARN_ABOUT_RETURN_TYPE = YES_ERROR;
				GCC_WARN_UNDECLARED_SELECTOR = YES;
				GCC_WARN_UNINITIALIZED_AUTOS = YES_AGGRESSIVE;
				GCC_WARN_UNUSED_FUNCTION = YES;
				GCC_WARN_UNUSED_VARIABLE = YES;
				INFOPLIST_FILE = "";
				IPHONEOS_DEPLOYMENT_TARGET = 14.1;
				MTL_ENABLE_DEBUG_INFO = INCLUDE_SOURCE;
				MTL_FAST_MATH = YES;
				ONLY_ACTIVE_ARCH = YES;
				PRODUCT_NAME = "";
				SDKROOT = iphoneos;
				SWIFT_ACTIVE_COMPILATION_CONDITIONS = DEBUG;
				SWIFT_OPTIMIZATION_LEVEL = "-Onone";
			};
			name = Debug;
		};
		B4CF07E1255D82580014684F /* Release */ = {
			isa = XCBuildConfiguration;
			buildSettings = {
				ALWAYS_SEARCH_USER_PATHS = NO;
				CLANG_ANALYZER_NONNULL = YES;
				CLANG_ANALYZER_NUMBER_OBJECT_CONVERSION = YES_AGGRESSIVE;
				CLANG_CXX_LANGUAGE_STANDARD = "gnu++14";
				CLANG_CXX_LIBRARY = "libc++";
				CLANG_ENABLE_MODULES = YES;
				CLANG_ENABLE_OBJC_ARC = YES;
				CLANG_ENABLE_OBJC_WEAK = YES;
				CLANG_WARN_BLOCK_CAPTURE_AUTORELEASING = YES;
				CLANG_WARN_BOOL_CONVERSION = YES;
				CLANG_WARN_COMMA = YES;
				CLANG_WARN_CONSTANT_CONVERSION = YES;
				CLANG_WARN_DEPRECATED_OBJC_IMPLEMENTATIONS = YES;
				CLANG_WARN_DIRECT_OBJC_ISA_USAGE = YES_ERROR;
				CLANG_WARN_DOCUMENTATION_COMMENTS = YES;
				CLANG_WARN_EMPTY_BODY = YES;
				CLANG_WARN_ENUM_CONVERSION = YES;
				CLANG_WARN_INFINITE_RECURSION = YES;
				CLANG_WARN_INT_CONVERSION = YES;
				CLANG_WARN_NON_LITERAL_NULL_CONVERSION = YES;
				CLANG_WARN_OBJC_IMPLICIT_RETAIN_SELF = YES;
				CLANG_WARN_OBJC_LITERAL_CONVERSION = YES;
				CLANG_WARN_OBJC_ROOT_CLASS = YES_ERROR;
				CLANG_WARN_QUOTED_INCLUDE_IN_FRAMEWORK_HEADER = YES;
				CLANG_WARN_RANGE_LOOP_ANALYSIS = YES;
				CLANG_WARN_STRICT_PROTOTYPES = YES;
				CLANG_WARN_SUSPICIOUS_MOVE = YES;
				CLANG_WARN_UNGUARDED_AVAILABILITY = YES_AGGRESSIVE;
				CLANG_WARN_UNREACHABLE_CODE = YES;
				CLANG_WARN__DUPLICATE_METHOD_MATCH = YES;
				COPY_PHASE_STRIP = NO;
				DEBUG_INFORMATION_FORMAT = "dwarf-with-dsym";
				ENABLE_NS_ASSERTIONS = NO;
				ENABLE_STRICT_OBJC_MSGSEND = YES;
				GCC_C_LANGUAGE_STANDARD = gnu11;
				GCC_NO_COMMON_BLOCKS = YES;
				GCC_WARN_64_TO_32_BIT_CONVERSION = YES;
				GCC_WARN_ABOUT_RETURN_TYPE = YES_ERROR;
				GCC_WARN_UNDECLARED_SELECTOR = YES;
				GCC_WARN_UNINITIALIZED_AUTOS = YES_AGGRESSIVE;
				GCC_WARN_UNUSED_FUNCTION = YES;
				GCC_WARN_UNUSED_VARIABLE = YES;
				INFOPLIST_FILE = "";
				IPHONEOS_DEPLOYMENT_TARGET = 14.1;
				MTL_ENABLE_DEBUG_INFO = NO;
				MTL_FAST_MATH = YES;
				PRODUCT_NAME = "";
				SDKROOT = iphoneos;
				SWIFT_COMPILATION_MODE = wholemodule;
				SWIFT_OPTIMIZATION_LEVEL = "-O";
				VALIDATE_PRODUCT = YES;
			};
			name = Release;
		};
		B4CF07E3255D82580014684F /* Debug */ = {
			isa = XCBuildConfiguration;
			baseConfigurationReference = F2357B29BCF9B4DC70954B05 /* Pods-PolenApp.debug.xcconfig */;
			buildSettings = {
				ASSETCATALOG_COMPILER_APPICON_NAME = AppIcon;
				ASSETCATALOG_COMPILER_GLOBAL_ACCENT_COLOR_NAME = AccentColor;
				CODE_SIGN_STYLE = Automatic;
				INFOPLIST_FILE = PolenApp/Info.plist;
				LD_RUNPATH_SEARCH_PATHS = (
					"$(inherited)",
					"@executable_path/Frameworks",
				);
				PRODUCT_BUNDLE_IDENTIFIER = mistureba.PolenApp;
				PRODUCT_NAME = "$(TARGET_NAME)";
				SWIFT_VERSION = 5.0;
				TARGETED_DEVICE_FAMILY = "1,2";
			};
			name = Debug;
		};
		B4CF07E4255D82580014684F /* Release */ = {
			isa = XCBuildConfiguration;
			baseConfigurationReference = 27AF32FFB2670239C097A92E /* Pods-PolenApp.release.xcconfig */;
			buildSettings = {
				ASSETCATALOG_COMPILER_APPICON_NAME = AppIcon;
				ASSETCATALOG_COMPILER_GLOBAL_ACCENT_COLOR_NAME = AccentColor;
				CODE_SIGN_STYLE = Automatic;
				INFOPLIST_FILE = PolenApp/Info.plist;
				LD_RUNPATH_SEARCH_PATHS = (
					"$(inherited)",
					"@executable_path/Frameworks",
				);
				PRODUCT_BUNDLE_IDENTIFIER = mistureba.PolenApp;
				PRODUCT_NAME = "$(TARGET_NAME)";
				SWIFT_VERSION = 5.0;
				TARGETED_DEVICE_FAMILY = "1,2";
			};
			name = Release;
		};
		B4CF07E6255D82580014684F /* Debug */ = {
			isa = XCBuildConfiguration;
			baseConfigurationReference = 17AEBDE061D884C61182E5D9 /* Pods-PolenAppTests.debug.xcconfig */;
			buildSettings = {
				ALWAYS_EMBED_SWIFT_STANDARD_LIBRARIES = YES;
				BUNDLE_LOADER = "$(TEST_HOST)";
				CODE_SIGN_STYLE = Automatic;
				INFOPLIST_FILE = polenAppTests/Info.plist;
				IPHONEOS_DEPLOYMENT_TARGET = 14.1;
				LD_RUNPATH_SEARCH_PATHS = (
					"$(inherited)",
					"@executable_path/Frameworks",
					"@loader_path/Frameworks",
				);
				PRODUCT_BUNDLE_IDENTIFIER = mistureba.polenAppTests;
				PRODUCT_NAME = "$(TARGET_NAME)";
				SWIFT_VERSION = 5.0;
				TARGETED_DEVICE_FAMILY = "1,2";
				TEST_HOST = "$(BUILT_PRODUCTS_DIR)/PolenApp.app/PolenApp";
			};
			name = Debug;
		};
		B4CF07E7255D82580014684F /* Release */ = {
			isa = XCBuildConfiguration;
			baseConfigurationReference = A3E73AB96C689F8D3553FD04 /* Pods-PolenAppTests.release.xcconfig */;
			buildSettings = {
				ALWAYS_EMBED_SWIFT_STANDARD_LIBRARIES = YES;
				BUNDLE_LOADER = "$(TEST_HOST)";
				CODE_SIGN_STYLE = Automatic;
				INFOPLIST_FILE = polenAppTests/Info.plist;
				IPHONEOS_DEPLOYMENT_TARGET = 14.1;
				LD_RUNPATH_SEARCH_PATHS = (
					"$(inherited)",
					"@executable_path/Frameworks",
					"@loader_path/Frameworks",
				);
				PRODUCT_BUNDLE_IDENTIFIER = mistureba.polenAppTests;
				PRODUCT_NAME = "$(TARGET_NAME)";
				SWIFT_VERSION = 5.0;
				TARGETED_DEVICE_FAMILY = "1,2";
				TEST_HOST = "$(BUILT_PRODUCTS_DIR)/PolenApp.app/PolenApp";
			};
			name = Release;
		};
		B4CF07E9255D82580014684F /* Debug */ = {
			isa = XCBuildConfiguration;
			baseConfigurationReference = 3409B2CB4C389C7E64A30686 /* Pods-PolenApp-PolenAppUITests.debug.xcconfig */;
			buildSettings = {
				ALWAYS_EMBED_SWIFT_STANDARD_LIBRARIES = YES;
				CODE_SIGN_STYLE = Automatic;
				INFOPLIST_FILE = polenAppUITests/Info.plist;
				LD_RUNPATH_SEARCH_PATHS = (
					"$(inherited)",
					"@executable_path/Frameworks",
					"@loader_path/Frameworks",
				);
				PRODUCT_BUNDLE_IDENTIFIER = mistureba.polenAppUITests;
				PRODUCT_NAME = "$(TARGET_NAME)";
				SWIFT_VERSION = 5.0;
				TARGETED_DEVICE_FAMILY = "1,2";
				TEST_TARGET_NAME = polenApp;
			};
			name = Debug;
		};
		B4CF07EA255D82580014684F /* Release */ = {
			isa = XCBuildConfiguration;
			baseConfigurationReference = EA3887175A52E580CDB31097 /* Pods-PolenApp-PolenAppUITests.release.xcconfig */;
			buildSettings = {
				ALWAYS_EMBED_SWIFT_STANDARD_LIBRARIES = YES;
				CODE_SIGN_STYLE = Automatic;
				INFOPLIST_FILE = polenAppUITests/Info.plist;
				LD_RUNPATH_SEARCH_PATHS = (
					"$(inherited)",
					"@executable_path/Frameworks",
					"@loader_path/Frameworks",
				);
				PRODUCT_BUNDLE_IDENTIFIER = mistureba.polenAppUITests;
				PRODUCT_NAME = "$(TARGET_NAME)";
				SWIFT_VERSION = 5.0;
				TARGETED_DEVICE_FAMILY = "1,2";
				TEST_TARGET_NAME = polenApp;
			};
			name = Release;
		};
/* End XCBuildConfiguration section */

/* Begin XCConfigurationList section */
		B4CF07B0255D82570014684F /* Build configuration list for PBXProject "PolenApp" */ = {
			isa = XCConfigurationList;
			buildConfigurations = (
				B4CF07E0255D82580014684F /* Debug */,
				B4CF07E1255D82580014684F /* Release */,
			);
			defaultConfigurationIsVisible = 0;
			defaultConfigurationName = Release;
		};
		B4CF07E2255D82580014684F /* Build configuration list for PBXNativeTarget "PolenApp" */ = {
			isa = XCConfigurationList;
			buildConfigurations = (
				B4CF07E3255D82580014684F /* Debug */,
				B4CF07E4255D82580014684F /* Release */,
			);
			defaultConfigurationIsVisible = 0;
			defaultConfigurationName = Release;
		};
		B4CF07E5255D82580014684F /* Build configuration list for PBXNativeTarget "PolenAppTests" */ = {
			isa = XCConfigurationList;
			buildConfigurations = (
				B4CF07E6255D82580014684F /* Debug */,
				B4CF07E7255D82580014684F /* Release */,
			);
			defaultConfigurationIsVisible = 0;
			defaultConfigurationName = Release;
		};
		B4CF07E8255D82580014684F /* Build configuration list for PBXNativeTarget "PolenAppUITests" */ = {
			isa = XCConfigurationList;
			buildConfigurations = (
				B4CF07E9255D82580014684F /* Debug */,
				B4CF07EA255D82580014684F /* Release */,
			);
			defaultConfigurationIsVisible = 0;
			defaultConfigurationName = Release;
		};
/* End XCConfigurationList section */

/* Begin XCVersionGroup section */
		B4CF07C1255D82580014684F /* polenApp.xcdatamodeld */ = {
			isa = XCVersionGroup;
			children = (
				B4CF07C2255D82580014684F /* polenApp.xcdatamodel */,
			);
			currentVersion = B4CF07C2255D82580014684F /* polenApp.xcdatamodel */;
			path = polenApp.xcdatamodeld;
			sourceTree = "<group>";
			versionGroupType = wrapper.xcdatamodel;
		};
/* End XCVersionGroup section */
	};
	rootObject = B4CF07AD255D82570014684F /* Project object */;
}
